{
  "name": "joanna-work-samples",
  "lockfileVersion": 2,
  "requires": true,
  "packages": {
    "": {
      "dependencies": {
        "dayjs": "^1.9.8"
      }
    },
    "node_modules/dayjs": {
      "version": "1.9.8",
      "resolved": "https://registry.npmjs.org/dayjs/-/dayjs-1.9.8.tgz",
      "integrity": "sha512-F42qBtJRa30FKF7XDnOQyNUTsaxDkuaZRj/i7BejSHC34LlLfPoIU4aeopvWfM+m1dJ6/DHKAWLg2ur+pLgq1w=="
    }
  },
  "dependencies": {
    "dayjs": {
      "version": "1.9.8",
      "resolved": "https://registry.npmjs.org/dayjs/-/dayjs-1.9.8.tgz",
      "integrity": "sha512-F42qBtJRa30FKF7XDnOQyNUTsaxDkuaZRj/i7BejSHC34LlLfPoIU4aeopvWfM+m1dJ6/DHKAWLg2ur+pLgq1w=="
    }
  }
}
